
Microsoft Visual Studio Solution File, Format Version 12.00
# Visual Studio 15
VisualStudioVersion = 15.0.27428.2037
MinimumVisualStudioVersion = 10.0.40219.1
Project("{FAE04EC0-301F-11D3-BF4B-00C04F79EFBC}") = "XamarinDemo.Android", "XamarinDemo\XamarinDemo.Android\XamarinDemo.Android.csproj", "{D16F2F87-57A5-4173-B952-148C0F9276F6}"
EndProject
Project("{FAE04EC0-301F-11D3-BF4B-00C04F79EFBC}") = "XamarinDemo.iOS", "XamarinDemo\XamarinDemo.iOS\XamarinDemo.iOS.csproj", "{3D122EA6-14D8-421D-A854-B93BE46234CF}"
EndProject
Project("{FAE04EC0-301F-11D3-BF4B-00C04F79EFBC}") = "XamarinDemo.UWP", "XamarinDemo\XamarinDemo.UWP\XamarinDemo.UWP.csproj", "{48E99EC3-49A3-4AC7-9635-823B6A5C84EF}"
EndProject
Project("{FAE04EC0-301F-11D3-BF4B-00C04F79EFBC}") = "XamarinDemo", "XamarinDemo\XamarinDemo\XamarinDemo.csproj", "{FAD1B17B-7985-47D5-B5AC-1BB9A9B044DC}"
EndProject
Global
	GlobalSection(SolutionConfigurationPlatforms) = preSolution
		Ad-Hoc|Any CPU = Ad-Hoc|Any CPU
		Ad-Hoc|ARM = Ad-Hoc|ARM
		Ad-Hoc|iPhone = Ad-Hoc|iPhone
		Ad-Hoc|iPhoneSimulator = Ad-Hoc|iPhoneSimulator
		Ad-Hoc|x64 = Ad-Hoc|x64
		Ad-Hoc|x86 = Ad-Hoc|x86
		AppStore|Any CPU = AppStore|Any CPU
		AppStore|ARM = AppStore|ARM
		AppStore|iPhone = AppStore|iPhone
		AppStore|iPhoneSimulator = AppStore|iPhoneSimulator
		AppStore|x64 = AppStore|x64
		AppStore|x86 = AppStore|x86
		Debug|Any CPU = Debug|Any CPU
		Debug|ARM = Debug|ARM
		Debug|iPhone = Debug|iPhone
		Debug|iPhoneSimulator = Debug|iPhoneSimulator
		Debug|x64 = Debug|x64
		Debug|x86 = Debug|x86
		Release|Any CPU = Release|Any CPU
		Release|ARM = Release|ARM
		Release|iPhone = Release|iPhone
		Release|iPhoneSimulator = Release|iPhoneSimulator
		Release|x64 = Release|x64
		Release|x86 = Release|x86
	EndGlobalSection
	GlobalSection(ProjectConfigurationPlatforms) = postSolution
		{D16F2F87-57A5-4173-B952-148C0F9276F6}.Ad-Hoc|Any CPU.ActiveCfg = Release|Any CPU
		{D16F2F87-57A5-4173-B952-148C0F9276F6}.Ad-Hoc|Any CPU.Build.0 = Release|Any CPU
		{D16F2F87-57A5-4173-B952-148C0F9276F6}.Ad-Hoc|Any CPU.Deploy.0 = Release|Any CPU
		{D16F2F87-57A5-4173-B952-148C0F9276F6}.Ad-Hoc|ARM.ActiveCfg = Release|Any CPU
		{D16F2F87-57A5-4173-B952-148C0F9276F6}.Ad-Hoc|ARM.Build.0 = Release|Any CPU
		{D16F2F87-57A5-4173-B952-148C0F9276F6}.Ad-Hoc|ARM.Deploy.0 = Release|Any CPU
		{D16F2F87-57A5-4173-B952-148C0F9276F6}.Ad-Hoc|iPhone.ActiveCfg = Release|Any CPU
		{D16F2F87-57A5-4173-B952-148C0F9276F6}.Ad-Hoc|iPhone.Build.0 = Release|Any CPU
		{D16F2F87-57A5-4173-B952-148C0F9276F6}.Ad-Hoc|iPhone.Deploy.0 = Release|Any CPU
		{D16F2F87-57A5-4173-B952-148C0F9276F6}.Ad-Hoc|iPhoneSimulator.ActiveCfg = Release|Any CPU
		{D16F2F87-57A5-4173-B952-148C0F9276F6}.Ad-Hoc|iPhoneSimulator.Build.0 = Release|Any CPU
		{D16F2F87-57A5-4173-B952-148C0F9276F6}.Ad-Hoc|iPhoneSimulator.Deploy.0 = Release|Any CPU
		{D16F2F87-57A5-4173-B952-148C0F9276F6}.Ad-Hoc|x64.ActiveCfg = Release|Any CPU
		{D16F2F87-57A5-4173-B952-148C0F9276F6}.Ad-Hoc|x64.Build.0 = Release|Any CPU
		{D16F2F87-57A5-4173-B952-148C0F9276F6}.Ad-Hoc|x64.Deploy.0 = Release|Any CPU
		{D16F2F87-57A5-4173-B952-148C0F9276F6}.Ad-Hoc|x86.ActiveCfg = Release|Any CPU
		{D16F2F87-57A5-4173-B952-148C0F9276F6}.Ad-Hoc|x86.Build.0 = Release|Any CPU
		{D16F2F87-57A5-4173-B952-148C0F9276F6}.Ad-Hoc|x86.Deploy.0 = Release|Any CPU
		{D16F2F87-57A5-4173-B952-148C0F9276F6}.AppStore|Any CPU.ActiveCfg = Release|Any CPU
		{D16F2F87-57A5-4173-B952-148C0F9276F6}.AppStore|Any CPU.Build.0 = Release|Any CPU
		{D16F2F87-57A5-4173-B952-148C0F9276F6}.AppStore|Any CPU.Deploy.0 = Release|Any CPU
		{D16F2F87-57A5-4173-B952-148C0F9276F6}.AppStore|ARM.ActiveCfg = Release|Any CPU
		{D16F2F87-57A5-4173-B952-148C0F9276F6}.AppStore|ARM.Build.0 = Release|Any CPU
		{D16F2F87-57A5-4173-B952-148C0F9276F6}.AppStore|ARM.Deploy.0 = Release|Any CPU
		{D16F2F87-57A5-4173-B952-148C0F9276F6}.AppStore|iPhone.ActiveCfg = Release|Any CPU
		{D16F2F87-57A5-4173-B952-148C0F9276F6}.AppStore|iPhone.Build.0 = Release|Any CPU
		{D16F2F87-57A5-4173-B952-148C0F9276F6}.AppStore|iPhone.Deploy.0 = Release|Any CPU
		{D16F2F87-57A5-4173-B952-148C0F9276F6}.AppStore|iPhoneSimulator.ActiveCfg = Release|Any CPU
		{D16F2F87-57A5-4173-B952-148C0F9276F6}.AppStore|iPhoneSimulator.Build.0 = Release|Any CPU
		{D16F2F87-57A5-4173-B952-148C0F9276F6}.AppStore|iPhoneSimulator.Deploy.0 = Release|Any CPU
		{D16F2F87-57A5-4173-B952-148C0F9276F6}.AppStore|x64.ActiveCfg = Release|Any CPU
		{D16F2F87-57A5-4173-B952-148C0F9276F6}.AppStore|x64.Build.0 = Release|Any CPU
		{D16F2F87-57A5-4173-B952-148C0F9276F6}.AppStore|x64.Deploy.0 = Release|Any CPU
		{D16F2F87-57A5-4173-B952-148C0F9276F6}.AppStore|x86.ActiveCfg = Release|Any CPU
		{D16F2F87-57A5-4173-B952-148C0F9276F6}.AppStore|x86.Build.0 = Release|Any CPU
		{D16F2F87-57A5-4173-B952-148C0F9276F6}.AppStore|x86.Deploy.0 = Release|Any CPU
		{D16F2F87-57A5-4173-B952-148C0F9276F6}.Debug|Any CPU.ActiveCfg = Debug|Any CPU
		{D16F2F87-57A5-4173-B952-148C0F9276F6}.Debug|Any CPU.Build.0 = Debug|Any CPU
		{D16F2F87-57A5-4173-B952-148C0F9276F6}.Debug|Any CPU.Deploy.0 = Debug|Any CPU
		{D16F2F87-57A5-4173-B952-148C0F9276F6}.Debug|ARM.ActiveCfg = Debug|Any CPU
		{D16F2F87-57A5-4173-B952-148C0F9276F6}.Debug|ARM.Build.0 = Debug|Any CPU
		{D16F2F87-57A5-4173-B952-148C0F9276F6}.Debug|ARM.Deploy.0 = Debug|Any CPU
		{D16F2F87-57A5-4173-B952-148C0F9276F6}.Debug|iPhone.ActiveCfg = Debug|Any CPU
		{D16F2F87-57A5-4173-B952-148C0F9276F6}.Debug|iPhone.Build.0 = Debug|Any CPU
		{D16F2F87-57A5-4173-B952-148C0F9276F6}.Debug|iPhone.Deploy.0 = Debug|Any CPU
		{D16F2F87-57A5-4173-B952-148C0F9276F6}.Debug|iPhoneSimulator.ActiveCfg = Debug|Any CPU
		{D16F2F87-57A5-4173-B952-148C0F9276F6}.Debug|iPhoneSimulator.Build.0 = Debug|Any CPU
		{D16F2F87-57A5-4173-B952-148C0F9276F6}.Debug|iPhoneSimulator.Deploy.0 = Debug|Any CPU
		{D16F2F87-57A5-4173-B952-148C0F9276F6}.Debug|x64.ActiveCfg = Debug|Any CPU
		{D16F2F87-57A5-4173-B952-148C0F9276F6}.Debug|x64.Build.0 = Debug|Any CPU
		{D16F2F87-57A5-4173-B952-148C0F9276F6}.Debug|x64.Deploy.0 = Debug|Any CPU
		{D16F2F87-57A5-4173-B952-148C0F9276F6}.Debug|x86.ActiveCfg = Debug|Any CPU
		{D16F2F87-57A5-4173-B952-148C0F9276F6}.Debug|x86.Build.0 = Debug|Any CPU
		{D16F2F87-57A5-4173-B952-148C0F9276F6}.Debug|x86.Deploy.0 = Debug|Any CPU
		{D16F2F87-57A5-4173-B952-148C0F9276F6}.Release|Any CPU.ActiveCfg = Release|Any CPU
		{D16F2F87-57A5-4173-B952-148C0F9276F6}.Release|Any CPU.Build.0 = Release|Any CPU
		{D16F2F87-57A5-4173-B952-148C0F9276F6}.Release|Any CPU.Deploy.0 = Release|Any CPU
		{D16F2F87-57A5-4173-B952-148C0F9276F6}.Release|ARM.ActiveCfg = Release|Any CPU
		{D16F2F87-57A5-4173-B952-148C0F9276F6}.Release|ARM.Build.0 = Release|Any CPU
		{D16F2F87-57A5-4173-B952-148C0F9276F6}.Release|ARM.Deploy.0 = Release|Any CPU
		{D16F2F87-57A5-4173-B952-148C0F9276F6}.Release|iPhone.ActiveCfg = Release|Any CPU
		{D16F2F87-57A5-4173-B952-148C0F9276F6}.Release|iPhone.Build.0 = Release|Any CPU
		{D16F2F87-57A5-4173-B952-148C0F9276F6}.Release|iPhone.Deploy.0 = Release|Any CPU
		{D16F2F87-57A5-4173-B952-148C0F9276F6}.Release|iPhoneSimulator.ActiveCfg = Release|Any CPU
		{D16F2F87-57A5-4173-B952-148C0F9276F6}.Release|iPhoneSimulator.Build.0 = Release|Any CPU
		{D16F2F87-57A5-4173-B952-148C0F9276F6}.Release|iPhoneSimulator.Deploy.0 = Release|Any CPU
		{D16F2F87-57A5-4173-B952-148C0F9276F6}.Release|x64.ActiveCfg = Release|Any CPU
		{D16F2F87-57A5-4173-B952-148C0F9276F6}.Release|x64.Build.0 = Release|Any CPU
		{D16F2F87-57A5-4173-B952-148C0F9276F6}.Release|x64.Deploy.0 = Release|Any CPU
		{D16F2F87-57A5-4173-B952-148C0F9276F6}.Release|x86.ActiveCfg = Release|Any CPU
		{D16F2F87-57A5-4173-B952-148C0F9276F6}.Release|x86.Build.0 = Release|Any CPU
		{D16F2F87-57A5-4173-B952-148C0F9276F6}.Release|x86.Deploy.0 = Release|Any CPU
		{3D122EA6-14D8-421D-A854-B93BE46234CF}.Ad-Hoc|Any CPU.ActiveCfg = Ad-Hoc|iPhone
		{3D122EA6-14D8-421D-A854-B93BE46234CF}.Ad-Hoc|ARM.ActiveCfg = Ad-Hoc|iPhone
		{3D122EA6-14D8-421D-A854-B93BE46234CF}.Ad-Hoc|iPhone.ActiveCfg = Ad-Hoc|iPhone
		{3D122EA6-14D8-421D-A854-B93BE46234CF}.Ad-Hoc|iPhone.Build.0 = Ad-Hoc|iPhone
		{3D122EA6-14D8-421D-A854-B93BE46234CF}.Ad-Hoc|iPhoneSimulator.ActiveCfg = Ad-Hoc|iPhoneSimulator
		{3D122EA6-14D8-421D-A854-B93BE46234CF}.Ad-Hoc|iPhoneSimulator.Build.0 = Ad-Hoc|iPhoneSimulator
		{3D122EA6-14D8-421D-A854-B93BE46234CF}.Ad-Hoc|x64.ActiveCfg = Ad-Hoc|iPhone
		{3D122EA6-14D8-421D-A854-B93BE46234CF}.Ad-Hoc|x86.ActiveCfg = Ad-Hoc|iPhone
		{3D122EA6-14D8-421D-A854-B93BE46234CF}.AppStore|Any CPU.ActiveCfg = AppStore|iPhone
		{3D122EA6-14D8-421D-A854-B93BE46234CF}.AppStore|ARM.ActiveCfg = AppStore|iPhone
		{3D122EA6-14D8-421D-A854-B93BE46234CF}.AppStore|iPhone.ActiveCfg = AppStore|iPhone
		{3D122EA6-14D8-421D-A854-B93BE46234CF}.AppStore|iPhone.Build.0 = AppStore|iPhone
		{3D122EA6-14D8-421D-A854-B93BE46234CF}.AppStore|iPhoneSimulator.ActiveCfg = AppStore|iPhoneSimulator
		{3D122EA6-14D8-421D-A854-B93BE46234CF}.AppStore|iPhoneSimulator.Build.0 = AppStore|iPhoneSimulator
		{3D122EA6-14D8-421D-A854-B93BE46234CF}.AppStore|x64.ActiveCfg = AppStore|iPhone
		{3D122EA6-14D8-421D-A854-B93BE46234CF}.AppStore|x86.ActiveCfg = AppStore|iPhone
		{3D122EA6-14D8-421D-A854-B93BE46234CF}.Debug|Any CPU.ActiveCfg = Debug|iPhone
		{3D122EA6-14D8-421D-A854-B93BE46234CF}.Debug|ARM.ActiveCfg = Debug|iPhone
		{3D122EA6-14D8-421D-A854-B93BE46234CF}.Debug|iPhone.ActiveCfg = Debug|iPhone
		{3D122EA6-14D8-421D-A854-B93BE46234CF}.Debug|iPhone.Build.0 = Debug|iPhone
		{3D122EA6-14D8-421D-A854-B93BE46234CF}.Debug|iPhoneSimulator.ActiveCfg = Debug|iPhoneSimulator
		{3D122EA6-14D8-421D-A854-B93BE46234CF}.Debug|iPhoneSimulator.Build.0 = Debug|iPhoneSimulator
		{3D122EA6-14D8-421D-A854-B93BE46234CF}.Debug|x64.ActiveCfg = Debug|iPhone
		{3D122EA6-14D8-421D-A854-B93BE46234CF}.Debug|x86.ActiveCfg = Debug|iPhone
		{3D122EA6-14D8-421D-A854-B93BE46234CF}.Release|Any CPU.ActiveCfg = Release|iPhone
		{3D122EA6-14D8-421D-A854-B93BE46234CF}.Release|ARM.ActiveCfg = Release|iPhone
		{3D122EA6-14D8-421D-A854-B93BE46234CF}.Release|iPhone.ActiveCfg = Release|iPhone
		{3D122EA6-14D8-421D-A854-B93BE46234CF}.Release|iPhone.Build.0 = Release|iPhone
		{3D122EA6-14D8-421D-A854-B93BE46234CF}.Release|iPhoneSimulator.ActiveCfg = Release|iPhoneSimulator
		{3D122EA6-14D8-421D-A854-B93BE46234CF}.Release|iPhoneSimulator.Build.0 = Release|iPhoneSimulator
		{3D122EA6-14D8-421D-A854-B93BE46234CF}.Release|x64.ActiveCfg = Release|iPhone
		{3D122EA6-14D8-421D-A854-B93BE46234CF}.Release|x86.ActiveCfg = Release|iPhone
		{48E99EC3-49A3-4AC7-9635-823B6A5C84EF}.Ad-Hoc|Any CPU.ActiveCfg = Release|x86
		{48E99EC3-49A3-4AC7-9635-823B6A5C84EF}.Ad-Hoc|Any CPU.Build.0 = Release|x86
		{48E99EC3-49A3-4AC7-9635-823B6A5C84EF}.Ad-Hoc|Any CPU.Deploy.0 = Release|x86
		{48E99EC3-49A3-4AC7-9635-823B6A5C84EF}.Ad-Hoc|ARM.ActiveCfg = Release|ARM
		{48E99EC3-49A3-4AC7-9635-823B6A5C84EF}.Ad-Hoc|ARM.Build.0 = Release|ARM
		{48E99EC3-49A3-4AC7-9635-823B6A5C84EF}.Ad-Hoc|ARM.Deploy.0 = Release|ARM
		{48E99EC3-49A3-4AC7-9635-823B6A5C84EF}.Ad-Hoc|iPhone.ActiveCfg = Release|x86
		{48E99EC3-49A3-4AC7-9635-823B6A5C84EF}.Ad-Hoc|iPhone.Build.0 = Release|x86
		{48E99EC3-49A3-4AC7-9635-823B6A5C84EF}.Ad-Hoc|iPhone.Deploy.0 = Release|x86
		{48E99EC3-49A3-4AC7-9635-823B6A5C84EF}.Ad-Hoc|iPhoneSimulator.ActiveCfg = Release|x86
		{48E99EC3-49A3-4AC7-9635-823B6A5C84EF}.Ad-Hoc|iPhoneSimulator.Build.0 = Release|x86
		{48E99EC3-49A3-4AC7-9635-823B6A5C84EF}.Ad-Hoc|iPhoneSimulator.Deploy.0 = Release|x86
		{48E99EC3-49A3-4AC7-9635-823B6A5C84EF}.Ad-Hoc|x64.ActiveCfg = Release|x64
		{48E99EC3-49A3-4AC7-9635-823B6A5C84EF}.Ad-Hoc|x64.Build.0 = Release|x64
		{48E99EC3-49A3-4AC7-9635-823B6A5C84EF}.Ad-Hoc|x64.Deploy.0 = Release|x64
		{48E99EC3-49A3-4AC7-9635-823B6A5C84EF}.Ad-Hoc|x86.ActiveCfg = Release|x86
		{48E99EC3-49A3-4AC7-9635-823B6A5C84EF}.Ad-Hoc|x86.Build.0 = Release|x86
		{48E99EC3-49A3-4AC7-9635-823B6A5C84EF}.Ad-Hoc|x86.Deploy.0 = Release|x86
		{48E99EC3-49A3-4AC7-9635-823B6A5C84EF}.AppStore|Any CPU.ActiveCfg = Release|x86
		{48E99EC3-49A3-4AC7-9635-823B6A5C84EF}.AppStore|Any CPU.Build.0 = Release|x86
		{48E99EC3-49A3-4AC7-9635-823B6A5C84EF}.AppStore|Any CPU.Deploy.0 = Release|x86
		{48E99EC3-49A3-4AC7-9635-823B6A5C84EF}.AppStore|ARM.ActiveCfg = Release|ARM
		{48E99EC3-49A3-4AC7-9635-823B6A5C84EF}.AppStore|ARM.Build.0 = Release|ARM
		{48E99EC3-49A3-4AC7-9635-823B6A5C84EF}.AppStore|ARM.Deploy.0 = Release|ARM
		{48E99EC3-49A3-4AC7-9635-823B6A5C84EF}.AppStore|iPhone.ActiveCfg = Release|x86
		{48E99EC3-49A3-4AC7-9635-823B6A5C84EF}.AppStore|iPhone.Build.0 = Release|x86
		{48E99EC3-49A3-4AC7-9635-823B6A5C84EF}.AppStore|iPhone.Deploy.0 = Release|x86
		{48E99EC3-49A3-4AC7-9635-823B6A5C84EF}.AppStore|iPhoneSimulator.ActiveCfg = Release|x86
		{48E99EC3-49A3-4AC7-9635-823B6A5C84EF}.AppStore|iPhoneSimulator.Build.0 = Release|x86
		{48E99EC3-49A3-4AC7-9635-823B6A5C84EF}.AppStore|iPhoneSimulator.Deploy.0 = Release|x86
		{48E99EC3-49A3-4AC7-9635-823B6A5C84EF}.AppStore|x64.ActiveCfg = Release|x64
		{48E99EC3-49A3-4AC7-9635-823B6A5C84EF}.AppStore|x64.Build.0 = Release|x64
		{48E99EC3-49A3-4AC7-9635-823B6A5C84EF}.AppStore|x64.Deploy.0 = Release|x64
		{48E99EC3-49A3-4AC7-9635-823B6A5C84EF}.AppStore|x86.ActiveCfg = Release|x86
		{48E99EC3-49A3-4AC7-9635-823B6A5C84EF}.AppStore|x86.Build.0 = Release|x86
		{48E99EC3-49A3-4AC7-9635-823B6A5C84EF}.AppStore|x86.Deploy.0 = Release|x86
		{48E99EC3-49A3-4AC7-9635-823B6A5C84EF}.Debug|Any CPU.ActiveCfg = Debug|x86
		{48E99EC3-49A3-4AC7-9635-823B6A5C84EF}.Debug|ARM.ActiveCfg = Debug|ARM
		{48E99EC3-49A3-4AC7-9635-823B6A5C84EF}.Debug|ARM.Build.0 = Debug|ARM
		{48E99EC3-49A3-4AC7-9635-823B6A5C84EF}.Debug|ARM.Deploy.0 = Debug|ARM
		{48E99EC3-49A3-4AC7-9635-823B6A5C84EF}.Debug|iPhone.ActiveCfg = Debug|x86
		{48E99EC3-49A3-4AC7-9635-823B6A5C84EF}.Debug|iPhoneSimulator.ActiveCfg = Debug|x86
		{48E99EC3-49A3-4AC7-9635-823B6A5C84EF}.Debug|x64.ActiveCfg = Debug|x64
		{48E99EC3-49A3-4AC7-9635-823B6A5C84EF}.Debug|x64.Build.0 = Debug|x64
		{48E99EC3-49A3-4AC7-9635-823B6A5C84EF}.Debug|x64.Deploy.0 = Debug|x64
		{48E99EC3-49A3-4AC7-9635-823B6A5C84EF}.Debug|x86.ActiveCfg = Debug|x86
		{48E99EC3-49A3-4AC7-9635-823B6A5C84EF}.Debug|x86.Build.0 = Debug|x86
		{48E99EC3-49A3-4AC7-9635-823B6A5C84EF}.Debug|x86.Deploy.0 = Debug|x86
		{48E99EC3-49A3-4AC7-9635-823B6A5C84EF}.Release|Any CPU.ActiveCfg = Release|x86
		{48E99EC3-49A3-4AC7-9635-823B6A5C84EF}.Release|ARM.ActiveCfg = Release|ARM
		{48E99EC3-49A3-4AC7-9635-823B6A5C84EF}.Release|ARM.Build.0 = Release|ARM
		{48E99EC3-49A3-4AC7-9635-823B6A5C84EF}.Release|ARM.Deploy.0 = Release|ARM
		{48E99EC3-49A3-4AC7-9635-823B6A5C84EF}.Release|iPhone.ActiveCfg = Release|x86
		{48E99EC3-49A3-4AC7-9635-823B6A5C84EF}.Release|iPhoneSimulator.ActiveCfg = Release|x86
		{48E99EC3-49A3-4AC7-9635-823B6A5C84EF}.Release|x64.ActiveCfg = Release|x64
		{48E99EC3-49A3-4AC7-9635-823B6A5C84EF}.Release|x64.Build.0 = Release|x64
		{48E99EC3-49A3-4AC7-9635-823B6A5C84EF}.Release|x64.Deploy.0 = Release|x64
		{48E99EC3-49A3-4AC7-9635-823B6A5C84EF}.Release|x86.ActiveCfg = Release|x86
		{48E99EC3-49A3-4AC7-9635-823B6A5C84EF}.Release|x86.Build.0 = Release|x86
		{48E99EC3-49A3-4AC7-9635-823B6A5C84EF}.Release|x86.Deploy.0 = Release|x86
		{FAD1B17B-7985-47D5-B5AC-1BB9A9B044DC}.Ad-Hoc|Any CPU.ActiveCfg = Debug|Any CPU
		{FAD1B17B-7985-47D5-B5AC-1BB9A9B044DC}.Ad-Hoc|Any CPU.Build.0 = Debug|Any CPU
		{FAD1B17B-7985-47D5-B5AC-1BB9A9B044DC}.Ad-Hoc|ARM.ActiveCfg = Debug|Any CPU
		{FAD1B17B-7985-47D5-B5AC-1BB9A9B044DC}.Ad-Hoc|ARM.Build.0 = Debug|Any CPU
		{FAD1B17B-7985-47D5-B5AC-1BB9A9B044DC}.Ad-Hoc|iPhone.ActiveCfg = Debug|Any CPU
		{FAD1B17B-7985-47D5-B5AC-1BB9A9B044DC}.Ad-Hoc|iPhone.Build.0 = Debug|Any CPU
		{FAD1B17B-7985-47D5-B5AC-1BB9A9B044DC}.Ad-Hoc|iPhoneSimulator.ActiveCfg = Debug|Any CPU
		{FAD1B17B-7985-47D5-B5AC-1BB9A9B044DC}.Ad-Hoc|iPhoneSimulator.Build.0 = Debug|Any CPU
		{FAD1B17B-7985-47D5-B5AC-1BB9A9B044DC}.Ad-Hoc|x64.ActiveCfg = Debug|Any CPU
		{FAD1B17B-7985-47D5-B5AC-1BB9A9B044DC}.Ad-Hoc|x64.Build.0 = Debug|Any CPU
		{FAD1B17B-7985-47D5-B5AC-1BB9A9B044DC}.Ad-Hoc|x86.ActiveCfg = Debug|Any CPU
		{FAD1B17B-7985-47D5-B5AC-1BB9A9B044DC}.Ad-Hoc|x86.Build.0 = Debug|Any CPU
		{FAD1B17B-7985-47D5-B5AC-1BB9A9B044DC}.AppStore|Any CPU.ActiveCfg = Debug|Any CPU
		{FAD1B17B-7985-47D5-B5AC-1BB9A9B044DC}.AppStore|Any CPU.Build.0 = Debug|Any CPU
		{FAD1B17B-7985-47D5-B5AC-1BB9A9B044DC}.AppStore|ARM.ActiveCfg = Debug|Any CPU
		{FAD1B17B-7985-47D5-B5AC-1BB9A9B044DC}.AppStore|ARM.Build.0 = Debug|Any CPU
		{FAD1B17B-7985-47D5-B5AC-1BB9A9B044DC}.AppStore|iPhone.ActiveCfg = Debug|Any CPU
		{FAD1B17B-7985-47D5-B5AC-1BB9A9B044DC}.AppStore|iPhone.Build.0 = Debug|Any CPU
		{FAD1B17B-7985-47D5-B5AC-1BB9A9B044DC}.AppStore|iPhoneSimulator.ActiveCfg = Debug|Any CPU
		{FAD1B17B-7985-47D5-B5AC-1BB9A9B044DC}.AppStore|iPhoneSimulator.Build.0 = Debug|Any CPU
		{FAD1B17B-7985-47D5-B5AC-1BB9A9B044DC}.AppStore|x64.ActiveCfg = Debug|Any CPU
		{FAD1B17B-7985-47D5-B5AC-1BB9A9B044DC}.AppStore|x64.Build.0 = Debug|Any CPU
		{FAD1B17B-7985-47D5-B5AC-1BB9A9B044DC}.AppStore|x86.ActiveCfg = Debug|Any CPU
		{FAD1B17B-7985-47D5-B5AC-1BB9A9B044DC}.AppStore|x86.Build.0 = Debug|Any CPU
		{FAD1B17B-7985-47D5-B5AC-1BB9A9B044DC}.Debug|Any CPU.ActiveCfg = Debug|Any CPU
		{FAD1B17B-7985-47D5-B5AC-1BB9A9B044DC}.Debug|Any CPU.Build.0 = Debug|Any CPU
		{FAD1B17B-7985-47D5-B5AC-1BB9A9B044DC}.Debug|ARM.ActiveCfg = Debug|Any CPU
		{FAD1B17B-7985-47D5-B5AC-1BB9A9B044DC}.Debug|ARM.Build.0 = Debug|Any CPU
		{FAD1B17B-7985-47D5-B5AC-1BB9A9B044DC}.Debug|iPhone.ActiveCfg = Debug|Any CPU
		{FAD1B17B-7985-47D5-B5AC-1BB9A9B044DC}.Debug|iPhone.Build.0 = Debug|Any CPU
		{FAD1B17B-7985-47D5-B5AC-1BB9A9B044DC}.Debug|iPhoneSimulator.ActiveCfg = Debug|Any CPU
		{FAD1B17B-7985-47D5-B5AC-1BB9A9B044DC}.Debug|iPhoneSimulator.Build.0 = Debug|Any CPU
		{FAD1B17B-7985-47D5-B5AC-1BB9A9B044DC}.Debug|x64.ActiveCfg = Debug|Any CPU
		{FAD1B17B-7985-47D5-B5AC-1BB9A9B044DC}.Debug|x64.Build.0 = Debug|Any CPU
		{FAD1B17B-7985-47D5-B5AC-1BB9A9B044DC}.Debug|x86.ActiveCfg = Debug|Any CPU
		{FAD1B17B-7985-47D5-B5AC-1BB9A9B044DC}.Debug|x86.Build.0 = Debug|Any CPU
		{FAD1B17B-7985-47D5-B5AC-1BB9A9B044DC}.Release|Any CPU.ActiveCfg = Release|Any CPU
		{FAD1B17B-7985-47D5-B5AC-1BB9A9B044DC}.Release|Any CPU.Build.0 = Release|Any CPU
		{FAD1B17B-7985-47D5-B5AC-1BB9A9B044DC}.Release|ARM.ActiveCfg = Release|Any CPU
		{FAD1B17B-7985-47D5-B5AC-1BB9A9B044DC}.Release|ARM.Build.0 = Release|Any CPU
		{FAD1B17B-7985-47D5-B5AC-1BB9A9B044DC}.Release|iPhone.ActiveCfg = Release|Any CPU
		{FAD1B17B-7985-47D5-B5AC-1BB9A9B044DC}.Release|iPhone.Build.0 = Release|Any CPU
		{FAD1B17B-7985-47D5-B5AC-1BB9A9B044DC}.Release|iPhoneSimulator.ActiveCfg = Release|Any CPU
		{FAD1B17B-7985-47D5-B5AC-1BB9A9B044DC}.Release|iPhoneSimulator.Build.0 = Release|Any CPU
		{FAD1B17B-7985-47D5-B5AC-1BB9A9B044DC}.Release|x64.ActiveCfg = Release|Any CPU
		{FAD1B17B-7985-47D5-B5AC-1BB9A9B044DC}.Release|x64.Build.0 = Release|Any CPU
		{FAD1B17B-7985-47D5-B5AC-1BB9A9B044DC}.Release|x86.ActiveCfg = Release|Any CPU
		{FAD1B17B-7985-47D5-B5AC-1BB9A9B044DC}.Release|x86.Build.0 = Release|Any CPU
	EndGlobalSection
	GlobalSection(SolutionProperties) = preSolution
		HideSolutionNode = FALSE
	EndGlobalSection
	GlobalSection(ExtensibilityGlobals) = postSolution
		SolutionGuid = {1AE92A71-9B8E-4AE3-9E86-2472313851A0}
	EndGlobalSection
EndGlobal
